
Microsoft Visual Studio Solution File, Format Version 12.00
# Visual Studio Version 17
VisualStudioVersion = 17.6.33606.364
MinimumVisualStudioVersion = 10.0.40219.1
Project("{2150E333-8FDC-42A3-9474-1A3956D46DE8}") = "src", "src", "{63A376BC-8AD1-46C6-B16F-F890103018DB}"
EndProject
Project("{9A19103F-16F7-4668-BE54-9A1E7A4F7556}") = "AbpDevTools", "src\AbpDevTools\AbpDevTools.csproj", "{C58E2B8D-4310-4DA3-AD79-3B0555C6DFC8}"
EndProject
Project("{2150E333-8FDC-42A3-9474-1A3956D46DE8}") = "tests", "tests", "{0AB3BF05-4346-4AA6-1389-037BE0695223}"
EndProject
Project("{FAE04EC0-301F-11D3-BF4B-00C04F79EFBC}") = "AbpDevTools.Tests", "tests\AbpDevTools.Tests\AbpDevTools.Tests.csproj", "{50CA655D-7A0D-4B44-9CFD-B17772D453D1}"
EndProject
Global
	GlobalSection(SolutionConfigurationPlatforms) = preSolution
		Debug|Any CPU = Debug|Any CPU
		Debug|x64 = Debug|x64
		Debug|x86 = Debug|x86
		Release|Any CPU = Release|Any CPU
		Release|x64 = Release|x64
		Release|x86 = Release|x86
	EndGlobalSection
	GlobalSection(ProjectConfigurationPlatforms) = postSolution
		{C58E2B8D-4310-4DA3-AD79-3B0555C6DFC8}.Debug|Any CPU.ActiveCfg = Debug|Any CPU
		{C58E2B8D-4310-4DA3-AD79-3B0555C6DFC8}.Debug|Any CPU.Build.0 = Debug|Any CPU
		{C58E2B8D-4310-4DA3-AD79-3B0555C6DFC8}.Debug|x64.ActiveCfg = Debug|Any CPU
		{C58E2B8D-4310-4DA3-AD79-3B0555C6DFC8}.Debug|x64.Build.0 = Debug|Any CPU
		{C58E2B8D-4310-4DA3-AD79-3B0555C6DFC8}.Debug|x86.ActiveCfg = Debug|Any CPU
		{C58E2B8D-4310-4DA3-AD79-3B0555C6DFC8}.Debug|x86.Build.0 = Debug|Any CPU
		{C58E2B8D-4310-4DA3-AD79-3B0555C6DFC8}.Release|Any CPU.ActiveCfg = Release|Any CPU
		{C58E2B8D-4310-4DA3-AD79-3B0555C6DFC8}.Release|Any CPU.Build.0 = Release|Any CPU
		{C58E2B8D-4310-4DA3-AD79-3B0555C6DFC8}.Release|x64.ActiveCfg = Release|Any CPU
		{C58E2B8D-4310-4DA3-AD79-3B0555C6DFC8}.Release|x64.Build.0 = Release|Any CPU
		{C58E2B8D-4310-4DA3-AD79-3B0555C6DFC8}.Release|x86.ActiveCfg = Release|Any CPU
		{C58E2B8D-4310-4DA3-AD79-3B0555C6DFC8}.Release|x86.Build.0 = Release|Any CPU
		{50CA655D-7A0D-4B44-9CFD-B17772D453D1}.Debug|Any CPU.ActiveCfg = Debug|Any CPU
		{50CA655D-7A0D-4B44-9CFD-B17772D453D1}.Debug|Any CPU.Build.0 = Debug|Any CPU
		{50CA655D-7A0D-4B44-9CFD-B17772D453D1}.Debug|x64.ActiveCfg = Debug|Any CPU
		{50CA655D-7A0D-4B44-9CFD-B17772D453D1}.Debug|x64.Build.0 = Debug|Any CPU
		{50CA655D-7A0D-4B44-9CFD-B17772D453D1}.Debug|x86.ActiveCfg = Debug|Any CPU
		{50CA655D-7A0D-4B44-9CFD-B17772D453D1}.Debug|x86.Build.0 = Debug|Any CPU
		{50CA655D-7A0D-4B44-9CFD-B17772D453D1}.Release|Any CPU.ActiveCfg = Release|Any CPU
		{50CA655D-7A0D-4B44-9CFD-B17772D453D1}.Release|Any CPU.Build.0 = Release|Any CPU
		{50CA655D-7A0D-4B44-9CFD-B17772D453D1}.Release|x64.ActiveCfg = Release|Any CPU
		{50CA655D-7A0D-4B44-9CFD-B17772D453D1}.Release|x64.Build.0 = Release|Any CPU
		{50CA655D-7A0D-4B44-9CFD-B17772D453D1}.Release|x86.ActiveCfg = Release|Any CPU
		{50CA655D-7A0D-4B44-9CFD-B17772D453D1}.Release|x86.Build.0 = Release|Any CPU
	EndGlobalSection
	GlobalSection(SolutionProperties) = preSolution
		HideSolutionNode = FALSE
	EndGlobalSection
	GlobalSection(NestedProjects) = preSolution
		{C58E2B8D-4310-4DA3-AD79-3B0555C6DFC8} = {63A376BC-8AD1-46C6-B16F-F890103018DB}
		{50CA655D-7A0D-4B44-9CFD-B17772D453D1} = {0AB3BF05-4346-4AA6-1389-037BE0695223}
	EndGlobalSection
	GlobalSection(ExtensibilityGlobals) = postSolution
		SolutionGuid = {0798E145-DECF-44E8-9B64-2931A61A8E24}
	EndGlobalSection
EndGlobal
